// !$*UTF8*$!
{
	archiveVersion = 1;
	classes = {
	};
	objectVersion = 46;
	objects = {

/* Begin PBXBuildFile section */
		095B179714A2F5B100DEC541 /* BoardView.m in Sources */ = {isa = PBXBuildFile; fileRef = 095B179614A2F5B100DEC541 /* BoardView.m */; };
		095B179E14A2F86200DEC541 /* MainWindow.xib in Resources */ = {isa = PBXBuildFile; fileRef = 095B179C14A2F86200DEC541 /* MainWindow.xib */; };
		230ACBE4148A987A002CA7E7 /* PieceBody.m in Sources */ = {isa = PBXBuildFile; fileRef = 230ACBE3148A987A002CA7E7 /* PieceBody.m */; };
		2316EC1B149BE11A0008B4BA /* Lib.m in Sources */ = {isa = PBXBuildFile; fileRef = 2316EC1A149BE11A0008B4BA /* Lib.m */; };
		232601C41456EE0300A42BC0 /* UIKit.framework in Frameworks */ = {isa = PBXBuildFile; fileRef = 232601C31456EE0300A42BC0 /* UIKit.framework */; };
		232601C61456EE0300A42BC0 /* Foundation.framework in Frameworks */ = {isa = PBXBuildFile; fileRef = 232601C51456EE0300A42BC0 /* Foundation.framework */; };
		232601C81456EE0300A42BC0 /* CoreGraphics.framework in Frameworks */ = {isa = PBXBuildFile; fileRef = 232601C71456EE0300A42BC0 /* CoreGraphics.framework */; };
		232601CE1456EE0300A42BC0 /* InfoPlist.strings in Resources */ = {isa = PBXBuildFile; fileRef = 232601CC1456EE0300A42BC0 /* InfoPlist.strings */; };
		232601D11456EE0300A42BC0 /* main.m in Sources */ = {isa = PBXBuildFile; fileRef = 232601D01456EE0300A42BC0 /* main.m */; };
		232601D41456EE0300A42BC0 /* nakuronAppDelegate.m in Sources */ = {isa = PBXBuildFile; fileRef = 232601D31456EE0300A42BC0 /* nakuronAppDelegate.m */; };
		232601DA1456EE0300A42BC0 /* nakuronViewController.m in Sources */ = {isa = PBXBuildFile; fileRef = 232601D91456EE0300A42BC0 /* nakuronViewController.m */; };
		232601DD1456EE0300A42BC0 /* nakuronViewController.xib in Resources */ = {isa = PBXBuildFile; fileRef = 232601DB1456EE0300A42BC0 /* nakuronViewController.xib */; };
		232601E41456EE0300A42BC0 /* UIKit.framework in Frameworks */ = {isa = PBXBuildFile; fileRef = 232601C31456EE0300A42BC0 /* UIKit.framework */; };
		232601E51456EE0300A42BC0 /* Foundation.framework in Frameworks */ = {isa = PBXBuildFile; fileRef = 232601C51456EE0300A42BC0 /* Foundation.framework */; };
		232601E61456EE0300A42BC0 /* CoreGraphics.framework in Frameworks */ = {isa = PBXBuildFile; fileRef = 232601C71456EE0300A42BC0 /* CoreGraphics.framework */; };
		232601EE1456EE0300A42BC0 /* InfoPlist.strings in Resources */ = {isa = PBXBuildFile; fileRef = 232601EC1456EE0300A42BC0 /* InfoPlist.strings */; };
		232601F11456EE0300A42BC0 /* nakuronTests.h in Resources */ = {isa = PBXBuildFile; fileRef = 232601F01456EE0300A42BC0 /* nakuronTests.h */; };
		232601F31456EE0300A42BC0 /* nakuronTests.m in Sources */ = {isa = PBXBuildFile; fileRef = 232601F21456EE0300A42BC0 /* nakuronTests.m */; };
		236D3DD01481786C00168BF3 /* Ball.m in Sources */ = {isa = PBXBuildFile; fileRef = 236D3DCF1481786C00168BF3 /* Ball.m */; };
		236D3DD314817A0300168BF3 /* Hole.m in Sources */ = {isa = PBXBuildFile; fileRef = 236D3DD214817A0300168BF3 /* Hole.m */; };
		236D3DD614817B6000168BF3 /* Color.m in Sources */ = {isa = PBXBuildFile; fileRef = 236D3DD514817B6000168BF3 /* Color.m */; };
		237CC17D147FE89400486081 /* Board.m in Sources */ = {isa = PBXBuildFile; fileRef = 237CC17C147FE89400486081 /* Board.m */; };
		237CC1D314801D2900486081 /* Wall.m in Sources */ = {isa = PBXBuildFile; fileRef = 237CC1D214801D2900486081 /* Wall.m */; };
		237CC1D614801DD500486081 /* Empty.m in Sources */ = {isa = PBXBuildFile; fileRef = 237CC1D514801DD500486081 /* Empty.m */; };
		23855F45148546D500B909C5 /* bblue.png in Resources */ = {isa = PBXBuildFile; fileRef = 23855F3B148546D400B909C5 /* bblue.png */; };
		23855F46148546D500B909C5 /* bgreen.png in Resources */ = {isa = PBXBuildFile; fileRef = 23855F3C148546D400B909C5 /* bgreen.png */; };
		23855F47148546D500B909C5 /* bred.png in Resources */ = {isa = PBXBuildFile; fileRef = 23855F3D148546D400B909C5 /* bred.png */; };
		23855F48148546D500B909C5 /* byellow.png in Resources */ = {isa = PBXBuildFile; fileRef = 23855F3E148546D400B909C5 /* byellow.png */; };
		23855F49148546D500B909C5 /* empty.png in Resources */ = {isa = PBXBuildFile; fileRef = 23855F3F148546D400B909C5 /* empty.png */; };
		23855F4A148546D500B909C5 /* hblue.png in Resources */ = {isa = PBXBuildFile; fileRef = 23855F40148546D400B909C5 /* hblue.png */; };
		23855F4B148546D500B909C5 /* hgreen.png in Resources */ = {isa = PBXBuildFile; fileRef = 23855F41148546D400B909C5 /* hgreen.png */; };
		23855F4C148546D500B909C5 /* hred.png in Resources */ = {isa = PBXBuildFile; fileRef = 23855F42148546D500B909C5 /* hred.png */; };
		23855F4D148546D500B909C5 /* hyellow.png in Resources */ = {isa = PBXBuildFile; fileRef = 23855F43148546D500B909C5 /* hyellow.png */; };
		23855F4E148546D500B909C5 /* wall.png in Resources */ = {isa = PBXBuildFile; fileRef = 23855F44148546D500B909C5 /* wall.png */; };
		23A415B21484C5FE0065D461 /* ProgrammingException.m in Sources */ = {isa = PBXBuildFile; fileRef = 23A415B11484C5FE0065D461 /* ProgrammingException.m */; };
		23A895501481595900D42AA1 /* arrow-down.png in Resources */ = {isa = PBXBuildFile; fileRef = 23A8954C1481595900D42AA1 /* arrow-down.png */; };
		23A895511481595900D42AA1 /* arrow-right.png in Resources */ = {isa = PBXBuildFile; fileRef = 23A8954D1481595900D42AA1 /* arrow-right.png */; };
		23A895521481595900D42AA1 /* arrow-up.png in Resources */ = {isa = PBXBuildFile; fileRef = 23A8954E1481595900D42AA1 /* arrow-up.png */; };
		23A895531481595900D42AA1 /* arrow-left.png in Resources */ = {isa = PBXBuildFile; fileRef = 23A8954F1481595900D42AA1 /* arrow-left.png */; };
		23A89557148177AC00D42AA1 /* Piece.m in Sources */ = {isa = PBXBuildFile; fileRef = 23A89556148177AC00D42AA1 /* Piece.m */; };
		23FA7DB614A26BA700145794 /* NSString+Repeat.m in Sources */ = {isa = PBXBuildFile; fileRef = 23FA7DB514A26BA700145794 /* NSString+Repeat.m */; };
/* End PBXBuildFile section */

/* Begin PBXContainerItemProxy section */
		232601E71456EE0300A42BC0 /* PBXContainerItemProxy */ = {
			isa = PBXContainerItemProxy;
			containerPortal = 232601B61456EE0200A42BC0 /* Project object */;
			proxyType = 1;
			remoteGlobalIDString = 232601BE1456EE0200A42BC0;
			remoteInfo = nakuron;
		};
/* End PBXContainerItemProxy section */

/* Begin PBXFileReference section */
		095B179514A2F5B000DEC541 /* BoardView.h */ = {isa = PBXFileReference; fileEncoding = 4; lastKnownFileType = sourcecode.c.h; path = BoardView.h; sourceTree = "<group>"; };
		095B179614A2F5B100DEC541 /* BoardView.m */ = {isa = PBXFileReference; fileEncoding = 4; lastKnownFileType = sourcecode.c.objc; path = BoardView.m; sourceTree = "<group>"; };
		095B179D14A2F86200DEC541 /* en */ = {isa = PBXFileReference; lastKnownFileType = file.xib; name = en; path = en.lproj/MainWindow.xib; sourceTree = "<group>"; };
		230ACBE2148A987A002CA7E7 /* PieceBody.h */ = {isa = PBXFileReference; fileEncoding = 4; lastKnownFileType = sourcecode.c.h; path = PieceBody.h; sourceTree = "<group>"; };
		230ACBE3148A987A002CA7E7 /* PieceBody.m */ = {isa = PBXFileReference; fileEncoding = 4; lastKnownFileType = sourcecode.c.objc; path = PieceBody.m; sourceTree = "<group>"; };
		2316EC19149BE11A0008B4BA /* Lib.h */ = {isa = PBXFileReference; fileEncoding = 4; lastKnownFileType = sourcecode.c.h; path = Lib.h; sourceTree = "<group>"; };
		2316EC1A149BE11A0008B4BA /* Lib.m */ = {isa = PBXFileReference; fileEncoding = 4; lastKnownFileType = sourcecode.c.objc; path = Lib.m; sourceTree = "<group>"; };
		232601BF1456EE0300A42BC0 /* nakuron.app */ = {isa = PBXFileReference; explicitFileType = wrapper.application; includeInIndex = 0; path = nakuron.app; sourceTree = BUILT_PRODUCTS_DIR; };
		232601C31456EE0300A42BC0 /* UIKit.framework */ = {isa = PBXFileReference; lastKnownFileType = wrapper.framework; name = UIKit.framework; path = System/Library/Frameworks/UIKit.framework; sourceTree = SDKROOT; };
		232601C51456EE0300A42BC0 /* Foundation.framework */ = {isa = PBXFileReference; lastKnownFileType = wrapper.framework; name = Foundation.framework; path = System/Library/Frameworks/Foundation.framework; sourceTree = SDKROOT; };
		232601C71456EE0300A42BC0 /* CoreGraphics.framework */ = {isa = PBXFileReference; lastKnownFileType = wrapper.framework; name = CoreGraphics.framework; path = System/Library/Frameworks/CoreGraphics.framework; sourceTree = SDKROOT; };
		232601CB1456EE0300A42BC0 /* nakuron-Info.plist */ = {isa = PBXFileReference; lastKnownFileType = text.plist.xml; path = "nakuron-Info.plist"; sourceTree = "<group>"; };
		232601CD1456EE0300A42BC0 /* en */ = {isa = PBXFileReference; lastKnownFileType = text.plist.strings; name = en; path = en.lproj/InfoPlist.strings; sourceTree = "<group>"; };
		232601CF1456EE0300A42BC0 /* nakuron-Prefix.pch */ = {isa = PBXFileReference; lastKnownFileType = sourcecode.c.h; path = "nakuron-Prefix.pch"; sourceTree = "<group>"; };
		232601D01456EE0300A42BC0 /* main.m */ = {isa = PBXFileReference; lastKnownFileType = sourcecode.c.objc; path = main.m; sourceTree = "<group>"; };
		232601D21456EE0300A42BC0 /* nakuronAppDelegate.h */ = {isa = PBXFileReference; lastKnownFileType = sourcecode.c.h; path = nakuronAppDelegate.h; sourceTree = "<group>"; };
		232601D31456EE0300A42BC0 /* nakuronAppDelegate.m */ = {isa = PBXFileReference; lastKnownFileType = sourcecode.c.objc; path = nakuronAppDelegate.m; sourceTree = "<group>"; };
		232601D81456EE0300A42BC0 /* nakuronViewController.h */ = {isa = PBXFileReference; lastKnownFileType = sourcecode.c.h; path = nakuronViewController.h; sourceTree = "<group>"; };
		232601D91456EE0300A42BC0 /* nakuronViewController.m */ = {isa = PBXFileReference; lastKnownFileType = sourcecode.c.objc; path = nakuronViewController.m; sourceTree = "<group>"; };
		232601DC1456EE0300A42BC0 /* en */ = {isa = PBXFileReference; lastKnownFileType = file.xib; name = en; path = en.lproj/nakuronViewController.xib; sourceTree = "<group>"; };
		232601E31456EE0300A42BC0 /* nakuronTests.octest */ = {isa = PBXFileReference; explicitFileType = wrapper.cfbundle; includeInIndex = 0; path = nakuronTests.octest; sourceTree = BUILT_PRODUCTS_DIR; };
		232601EB1456EE0300A42BC0 /* nakuronTests-Info.plist */ = {isa = PBXFileReference; lastKnownFileType = text.plist.xml; path = "nakuronTests-Info.plist"; sourceTree = "<group>"; };
		232601ED1456EE0300A42BC0 /* en */ = {isa = PBXFileReference; lastKnownFileType = text.plist.strings; name = en; path = en.lproj/InfoPlist.strings; sourceTree = "<group>"; };
		232601EF1456EE0300A42BC0 /* nakuronTests-Prefix.pch */ = {isa = PBXFileReference; lastKnownFileType = sourcecode.c.h; path = "nakuronTests-Prefix.pch"; sourceTree = "<group>"; };
		232601F01456EE0300A42BC0 /* nakuronTests.h */ = {isa = PBXFileReference; lastKnownFileType = sourcecode.c.h; path = nakuronTests.h; sourceTree = "<group>"; };
		232601F21456EE0300A42BC0 /* nakuronTests.m */ = {isa = PBXFileReference; lastKnownFileType = sourcecode.c.objc; path = nakuronTests.m; sourceTree = "<group>"; };
		236D3DCE1481786C00168BF3 /* Ball.h */ = {isa = PBXFileReference; fileEncoding = 4; lastKnownFileType = sourcecode.c.h; path = Ball.h; sourceTree = "<group>"; };
		236D3DCF1481786C00168BF3 /* Ball.m */ = {isa = PBXFileReference; fileEncoding = 4; lastKnownFileType = sourcecode.c.objc; path = Ball.m; sourceTree = "<group>"; };
		236D3DD114817A0200168BF3 /* Hole.h */ = {isa = PBXFileReference; fileEncoding = 4; lastKnownFileType = sourcecode.c.h; path = Hole.h; sourceTree = "<group>"; };
		236D3DD214817A0300168BF3 /* Hole.m */ = {isa = PBXFileReference; fileEncoding = 4; lastKnownFileType = sourcecode.c.objc; path = Hole.m; sourceTree = "<group>"; };
		236D3DD414817B6000168BF3 /* Color.h */ = {isa = PBXFileReference; fileEncoding = 4; lastKnownFileType = sourcecode.c.h; path = Color.h; sourceTree = "<group>"; };
		236D3DD514817B6000168BF3 /* Color.m */ = {isa = PBXFileReference; fileEncoding = 4; lastKnownFileType = sourcecode.c.objc; path = Color.m; sourceTree = "<group>"; };
		237CC17B147FE89400486081 /* Board.h */ = {isa = PBXFileReference; fileEncoding = 4; lastKnownFileType = sourcecode.c.h; path = Board.h; sourceTree = "<group>"; };
		237CC17C147FE89400486081 /* Board.m */ = {isa = PBXFileReference; fileEncoding = 4; lastKnownFileType = sourcecode.c.objc; path = Board.m; sourceTree = "<group>"; };
		237CC1D114801D2900486081 /* Wall.h */ = {isa = PBXFileReference; fileEncoding = 4; lastKnownFileType = sourcecode.c.h; path = Wall.h; sourceTree = "<group>"; };
		237CC1D214801D2900486081 /* Wall.m */ = {isa = PBXFileReference; fileEncoding = 4; lastKnownFileType = sourcecode.c.objc; path = Wall.m; sourceTree = "<group>"; };
		237CC1D414801DD500486081 /* Empty.h */ = {isa = PBXFileReference; fileEncoding = 4; lastKnownFileType = sourcecode.c.h; path = Empty.h; sourceTree = "<group>"; };
		237CC1D514801DD500486081 /* Empty.m */ = {isa = PBXFileReference; fileEncoding = 4; lastKnownFileType = sourcecode.c.objc; path = Empty.m; sourceTree = "<group>"; };
		23855F3B148546D400B909C5 /* bblue.png */ = {isa = PBXFileReference; lastKnownFileType = image.png; path = bblue.png; sourceTree = "<group>"; };
		23855F3C148546D400B909C5 /* bgreen.png */ = {isa = PBXFileReference; lastKnownFileType = image.png; path = bgreen.png; sourceTree = "<group>"; };
		23855F3D148546D400B909C5 /* bred.png */ = {isa = PBXFileReference; lastKnownFileType = image.png; path = bred.png; sourceTree = "<group>"; };
		23855F3E148546D400B909C5 /* byellow.png */ = {isa = PBXFileReference; lastKnownFileType = image.png; path = byellow.png; sourceTree = "<group>"; };
		23855F3F148546D400B909C5 /* empty.png */ = {isa = PBXFileReference; lastKnownFileType = image.png; path = empty.png; sourceTree = "<group>"; };
		23855F40148546D400B909C5 /* hblue.png */ = {isa = PBXFileReference; lastKnownFileType = image.png; path = hblue.png; sourceTree = "<group>"; };
		23855F41148546D400B909C5 /* hgreen.png */ = {isa = PBXFileReference; lastKnownFileType = image.png; path = hgreen.png; sourceTree = "<group>"; };
		23855F42148546D500B909C5 /* hred.png */ = {isa = PBXFileReference; lastKnownFileType = image.png; path = hred.png; sourceTree = "<group>"; };
		23855F43148546D500B909C5 /* hyellow.png */ = {isa = PBXFileReference; lastKnownFileType = image.png; path = hyellow.png; sourceTree = "<group>"; };
		23855F44148546D500B909C5 /* wall.png */ = {isa = PBXFileReference; lastKnownFileType = image.png; path = wall.png; sourceTree = "<group>"; };
		23A415B01484C5FE0065D461 /* ProgrammingException.h */ = {isa = PBXFileReference; fileEncoding = 4; lastKnownFileType = sourcecode.c.h; path = ProgrammingException.h; sourceTree = "<group>"; };
		23A415B11484C5FE0065D461 /* ProgrammingException.m */ = {isa = PBXFileReference; fileEncoding = 4; lastKnownFileType = sourcecode.c.objc; path = ProgrammingException.m; sourceTree = "<group>"; };
		23A8954C1481595900D42AA1 /* arrow-down.png */ = {isa = PBXFileReference; lastKnownFileType = image.png; path = "arrow-down.png"; sourceTree = "<group>"; };
		23A8954D1481595900D42AA1 /* arrow-right.png */ = {isa = PBXFileReference; lastKnownFileType = image.png; path = "arrow-right.png"; sourceTree = "<group>"; };
		23A8954E1481595900D42AA1 /* arrow-up.png */ = {isa = PBXFileReference; lastKnownFileType = image.png; path = "arrow-up.png"; sourceTree = "<group>"; };
		23A8954F1481595900D42AA1 /* arrow-left.png */ = {isa = PBXFileReference; lastKnownFileType = image.png; path = "arrow-left.png"; sourceTree = "<group>"; };
		23A89555148177AC00D42AA1 /* Piece.h */ = {isa = PBXFileReference; fileEncoding = 4; lastKnownFileType = sourcecode.c.h; path = Piece.h; sourceTree = "<group>"; };
		23A89556148177AC00D42AA1 /* Piece.m */ = {isa = PBXFileReference; fileEncoding = 4; lastKnownFileType = sourcecode.c.objc; path = Piece.m; sourceTree = "<group>"; };
		23FA7DB414A26BA700145794 /* NSString+Repeat.h */ = {isa = PBXFileReference; fileEncoding = 4; lastKnownFileType = sourcecode.c.h; path = "NSString+Repeat.h"; sourceTree = "<group>"; };
		23FA7DB514A26BA700145794 /* NSString+Repeat.m */ = {isa = PBXFileReference; fileEncoding = 4; lastKnownFileType = sourcecode.c.objc; path = "NSString+Repeat.m"; sourceTree = "<group>"; };
/* End PBXFileReference section */

/* Begin PBXFrameworksBuildPhase section */
		232601BC1456EE0200A42BC0 /* Frameworks */ = {
			isa = PBXFrameworksBuildPhase;
			buildActionMask = 2147483647;
			files = (
				232601C41456EE0300A42BC0 /* UIKit.framework in Frameworks */,
				232601C61456EE0300A42BC0 /* Foundation.framework in Frameworks */,
				232601C81456EE0300A42BC0 /* CoreGraphics.framework in Frameworks */,
			);
			runOnlyForDeploymentPostprocessing = 0;
		};
		232601DF1456EE0300A42BC0 /* Frameworks */ = {
			isa = PBXFrameworksBuildPhase;
			buildActionMask = 2147483647;
			files = (
				232601E41456EE0300A42BC0 /* UIKit.framework in Frameworks */,
				232601E51456EE0300A42BC0 /* Foundation.framework in Frameworks */,
				232601E61456EE0300A42BC0 /* CoreGraphics.framework in Frameworks */,
			);
			runOnlyForDeploymentPostprocessing = 0;
		};
/* End PBXFrameworksBuildPhase section */

/* Begin PBXGroup section */
		092F227A14A3521D00948CEB /* Old */ = {
			isa = PBXGroup;
			children = (
				23A415B01484C5FE0065D461 /* ProgrammingException.h */,
				23A415B11484C5FE0065D461 /* ProgrammingException.m */,
				236D3DCE1481786C00168BF3 /* Ball.h */,
				236D3DCF1481786C00168BF3 /* Ball.m */,
				237CC1D114801D2900486081 /* Wall.h */,
				237CC1D214801D2900486081 /* Wall.m */,
				236D3DD114817A0200168BF3 /* Hole.h */,
				236D3DD214817A0300168BF3 /* Hole.m */,
				236D3DD414817B6000168BF3 /* Color.h */,
				236D3DD514817B6000168BF3 /* Color.m */,
				23A89555148177AC00D42AA1 /* Piece.h */,
				23A89556148177AC00D42AA1 /* Piece.m */,
				230ACBE2148A987A002CA7E7 /* PieceBody.h */,
				230ACBE3148A987A002CA7E7 /* PieceBody.m */,
				237CC1D414801DD500486081 /* Empty.h */,
				237CC1D514801DD500486081 /* Empty.m */,
			);
			name = Old;
			sourceTree = "<group>";
		};
		093CC89514A2F01F00DE084A /* Utilities */ = {
			isa = PBXGroup;
			children = (
				23FA7DB414A26BA700145794 /* NSString+Repeat.h */,
				23FA7DB514A26BA700145794 /* NSString+Repeat.m */,
				2316EC19149BE11A0008B4BA /* Lib.h */,
				2316EC1A149BE11A0008B4BA /* Lib.m */,
			);
			name = Utilities;
			sourceTree = "<group>";
		};
		095B179314A2F40C00DEC541 /* Resources */ = {
			isa = PBXGroup;
			children = (
				23855F3B148546D400B909C5 /* bblue.png */,
				23855F3C148546D400B909C5 /* bgreen.png */,
				23855F3D148546D400B909C5 /* bred.png */,
				23855F3E148546D400B909C5 /* byellow.png */,
				23855F3F148546D400B909C5 /* empty.png */,
				23855F40148546D400B909C5 /* hblue.png */,
				23855F41148546D400B909C5 /* hgreen.png */,
				23855F42148546D500B909C5 /* hred.png */,
				23855F43148546D500B909C5 /* hyellow.png */,
				23855F44148546D500B909C5 /* wall.png */,
				23A8954C1481595900D42AA1 /* arrow-down.png */,
				23A8954D1481595900D42AA1 /* arrow-right.png */,
				23A8954E1481595900D42AA1 /* arrow-up.png */,
				23A8954F1481595900D42AA1 /* arrow-left.png */,
			);
			name = Resources;
			sourceTree = "<group>";
		};
		232601B41456EE0200A42BC0 = {
			isa = PBXGroup;
			children = (
				232601C91456EE0300A42BC0 /* nakuron */,
				232601E91456EE0300A42BC0 /* nakuronTests */,
				232601C21456EE0300A42BC0 /* Frameworks */,
				232601C01456EE0300A42BC0 /* Products */,
			);
			sourceTree = "<group>";
		};
		232601C01456EE0300A42BC0 /* Products */ = {
			isa = PBXGroup;
			children = (
				232601BF1456EE0300A42BC0 /* nakuron.app */,
				232601E31456EE0300A42BC0 /* nakuronTests.octest */,
			);
			name = Products;
			sourceTree = "<group>";
		};
		232601C21456EE0300A42BC0 /* Frameworks */ = {
			isa = PBXGroup;
			children = (
				232601C31456EE0300A42BC0 /* UIKit.framework */,
				232601C51456EE0300A42BC0 /* Foundation.framework */,
				232601C71456EE0300A42BC0 /* CoreGraphics.framework */,
			);
			name = Frameworks;
			sourceTree = "<group>";
		};
		232601C91456EE0300A42BC0 /* nakuron */ = {
			isa = PBXGroup;
			children = (
				232601D21456EE0300A42BC0 /* nakuronAppDelegate.h */,
				232601D31456EE0300A42BC0 /* nakuronAppDelegate.m */,
				095B179C14A2F86200DEC541 /* MainWindow.xib */,
				232601D81456EE0300A42BC0 /* nakuronViewController.h */,
				232601D91456EE0300A42BC0 /* nakuronViewController.m */,
				232601DB1456EE0300A42BC0 /* nakuronViewController.xib */,
				095B179514A2F5B000DEC541 /* BoardView.h */,
				095B179614A2F5B100DEC541 /* BoardView.m */,
				237CC17B147FE89400486081 /* Board.h */,
				237CC17C147FE89400486081 /* Board.m */,
				095B179314A2F40C00DEC541 /* Resources */,
				093CC89514A2F01F00DE084A /* Utilities */,
				092F227A14A3521D00948CEB /* Old */,
				232601CA1456EE0300A42BC0 /* Supporting Files */,
			);
			path = nakuron;
			sourceTree = "<group>";
		};
		232601CA1456EE0300A42BC0 /* Supporting Files */ = {
			isa = PBXGroup;
			children = (
				232601CB1456EE0300A42BC0 /* nakuron-Info.plist */,
				232601CC1456EE0300A42BC0 /* InfoPlist.strings */,
				232601CF1456EE0300A42BC0 /* nakuron-Prefix.pch */,
				232601D01456EE0300A42BC0 /* main.m */,
			);
			name = "Supporting Files";
			sourceTree = "<group>";
		};
		232601E91456EE0300A42BC0 /* nakuronTests */ = {
			isa = PBXGroup;
			children = (
				232601F01456EE0300A42BC0 /* nakuronTests.h */,
				232601F21456EE0300A42BC0 /* nakuronTests.m */,
				232601EA1456EE0300A42BC0 /* Supporting Files */,
			);
			path = nakuronTests;
			sourceTree = "<group>";
		};
		232601EA1456EE0300A42BC0 /* Supporting Files */ = {
			isa = PBXGroup;
			children = (
				232601EB1456EE0300A42BC0 /* nakuronTests-Info.plist */,
				232601EC1456EE0300A42BC0 /* InfoPlist.strings */,
				232601EF1456EE0300A42BC0 /* nakuronTests-Prefix.pch */,
			);
			name = "Supporting Files";
			sourceTree = "<group>";
		};
/* End PBXGroup section */

/* Begin PBXNativeTarget section */
		232601BE1456EE0200A42BC0 /* nakuron */ = {
			isa = PBXNativeTarget;
			buildConfigurationList = 232601F61456EE0300A42BC0 /* Build configuration list for PBXNativeTarget "nakuron" */;
			buildPhases = (
				232601BB1456EE0200A42BC0 /* Sources */,
				232601BC1456EE0200A42BC0 /* Frameworks */,
				232601BD1456EE0200A42BC0 /* Resources */,
			);
			buildRules = (
			);
			dependencies = (
			);
			name = nakuron;
			productName = nakuron;
			productReference = 232601BF1456EE0300A42BC0 /* nakuron.app */;
			productType = "com.apple.product-type.application";
		};
		232601E21456EE0300A42BC0 /* nakuronTests */ = {
			isa = PBXNativeTarget;
			buildConfigurationList = 232601F91456EE0300A42BC0 /* Build configuration list for PBXNativeTarget "nakuronTests" */;
			buildPhases = (
				232601DE1456EE0300A42BC0 /* Sources */,
				232601DF1456EE0300A42BC0 /* Frameworks */,
				232601E01456EE0300A42BC0 /* Resources */,
				232601E11456EE0300A42BC0 /* ShellScript */,
			);
			buildRules = (
			);
			dependencies = (
				232601E81456EE0300A42BC0 /* PBXTargetDependency */,
			);
			name = nakuronTests;
			productName = nakuronTests;
			productReference = 232601E31456EE0300A42BC0 /* nakuronTests.octest */;
			productType = "com.apple.product-type.bundle";
		};
/* End PBXNativeTarget section */

/* Begin PBXProject section */
		232601B61456EE0200A42BC0 /* Project object */ = {
			isa = PBXProject;
			attributes = {
				LastUpgradeCheck = 0420;
			};
			buildConfigurationList = 232601B91456EE0200A42BC0 /* Build configuration list for PBXProject "nakuron" */;
			compatibilityVersion = "Xcode 3.2";
			developmentRegion = English;
			hasScannedForEncodings = 0;
			knownRegions = (
				en,
			);
			mainGroup = 232601B41456EE0200A42BC0;
			productRefGroup = 232601C01456EE0300A42BC0 /* Products */;
			projectDirPath = "";
			projectRoot = "";
			targets = (
				232601BE1456EE0200A42BC0 /* nakuron */,
				232601E21456EE0300A42BC0 /* nakuronTests */,
			);
		};
/* End PBXProject section */

/* Begin PBXResourcesBuildPhase section */
		232601BD1456EE0200A42BC0 /* Resources */ = {
			isa = PBXResourcesBuildPhase;
			buildActionMask = 2147483647;
			files = (
				232601CE1456EE0300A42BC0 /* InfoPlist.strings in Resources */,
				232601DD1456EE0300A42BC0 /* nakuronViewController.xib in Resources */,
				23A895501481595900D42AA1 /* arrow-down.png in Resources */,
				23A895511481595900D42AA1 /* arrow-right.png in Resources */,
				23A895521481595900D42AA1 /* arrow-up.png in Resources */,
				23A895531481595900D42AA1 /* arrow-left.png in Resources */,
				23855F45148546D500B909C5 /* bblue.png in Resources */,
				23855F46148546D500B909C5 /* bgreen.png in Resources */,
				23855F47148546D500B909C5 /* bred.png in Resources */,
				23855F48148546D500B909C5 /* byellow.png in Resources */,
				23855F49148546D500B909C5 /* empty.png in Resources */,
				23855F4A148546D500B909C5 /* hblue.png in Resources */,
				23855F4B148546D500B909C5 /* hgreen.png in Resources */,
				23855F4C148546D500B909C5 /* hred.png in Resources */,
				23855F4D148546D500B909C5 /* hyellow.png in Resources */,
				23855F4E148546D500B909C5 /* wall.png in Resources */,
				095B179E14A2F86200DEC541 /* MainWindow.xib in Resources */,
			);
			runOnlyForDeploymentPostprocessing = 0;
		};
		232601E01456EE0300A42BC0 /* Resources */ = {
			isa = PBXResourcesBuildPhase;
			buildActionMask = 2147483647;
			files = (
				232601EE1456EE0300A42BC0 /* InfoPlist.strings in Resources */,
				232601F11456EE0300A42BC0 /* nakuronTests.h in Resources */,
			);
			runOnlyForDeploymentPostprocessing = 0;
		};
/* End PBXResourcesBuildPhase section */

/* Begin PBXShellScriptBuildPhase section */
		232601E11456EE0300A42BC0 /* ShellScript */ = {
			isa = PBXShellScriptBuildPhase;
			buildActionMask = 2147483647;
			files = (
			);
			inputPaths = (
			);
			outputPaths = (
			);
			runOnlyForDeploymentPostprocessing = 0;
			shellPath = /bin/sh;
			shellScript = "# Run the unit tests in this test bundle.\n\"${SYSTEM_DEVELOPER_DIR}/Tools/RunUnitTests\"\n";
		};
/* End PBXShellScriptBuildPhase section */

/* Begin PBXSourcesBuildPhase section */
		232601BB1456EE0200A42BC0 /* Sources */ = {
			isa = PBXSourcesBuildPhase;
			buildActionMask = 2147483647;
			files = (
				232601D11456EE0300A42BC0 /* main.m in Sources */,
				232601D41456EE0300A42BC0 /* nakuronAppDelegate.m in Sources */,
				232601DA1456EE0300A42BC0 /* nakuronViewController.m in Sources */,
				237CC17D147FE89400486081 /* Board.m in Sources */,
				237CC1D314801D2900486081 /* Wall.m in Sources */,
				237CC1D614801DD500486081 /* Empty.m in Sources */,
				23A89557148177AC00D42AA1 /* Piece.m in Sources */,
				236D3DD01481786C00168BF3 /* Ball.m in Sources */,
				236D3DD314817A0300168BF3 /* Hole.m in Sources */,
				236D3DD614817B6000168BF3 /* Color.m in Sources */,
				23A415B21484C5FE0065D461 /* ProgrammingException.m in Sources */,
				230ACBE4148A987A002CA7E7 /* PieceBody.m in Sources */,
				2316EC1B149BE11A0008B4BA /* Lib.m in Sources */,
				23FA7DB614A26BA700145794 /* NSString+Repeat.m in Sources */,
				095B179714A2F5B100DEC541 /* BoardView.m in Sources */,
			);
			runOnlyForDeploymentPostprocessing = 0;
		};
		232601DE1456EE0300A42BC0 /* Sources */ = {
			isa = PBXSourcesBuildPhase;
			buildActionMask = 2147483647;
			files = (
				232601F31456EE0300A42BC0 /* nakuronTests.m in Sources */,
			);
			runOnlyForDeploymentPostprocessing = 0;
		};
/* End PBXSourcesBuildPhase section */

/* Begin PBXTargetDependency section */
		232601E81456EE0300A42BC0 /* PBXTargetDependency */ = {
			isa = PBXTargetDependency;
			target = 232601BE1456EE0200A42BC0 /* nakuron */;
			targetProxy = 232601E71456EE0300A42BC0 /* PBXContainerItemProxy */;
		};
/* End PBXTargetDependency section */

/* Begin PBXVariantGroup section */
		095B179C14A2F86200DEC541 /* MainWindow.xib */ = {
			isa = PBXVariantGroup;
			children = (
				095B179D14A2F86200DEC541 /* en */,
			);
			name = MainWindow.xib;
			sourceTree = "<group>";
		};
		232601CC1456EE0300A42BC0 /* InfoPlist.strings */ = {
			isa = PBXVariantGroup;
			children = (
				232601CD1456EE0300A42BC0 /* en */,
			);
			name = InfoPlist.strings;
			sourceTree = "<group>";
		};
		232601DB1456EE0300A42BC0 /* nakuronViewController.xib */ = {
			isa = PBXVariantGroup;
			children = (
				232601DC1456EE0300A42BC0 /* en */,
			);
			name = nakuronViewController.xib;
			sourceTree = "<group>";
		};
		232601EC1456EE0300A42BC0 /* InfoPlist.strings */ = {
			isa = PBXVariantGroup;
			children = (
				232601ED1456EE0300A42BC0 /* en */,
			);
			name = InfoPlist.strings;
			sourceTree = "<group>";
		};
/* End PBXVariantGroup section */

/* Begin XCBuildConfiguration section */
		232601F41456EE0300A42BC0 /* Debug */ = {
			isa = XCBuildConfiguration;
			buildSettings = {
				ARCHS = "$(ARCHS_STANDARD_32_BIT)";
				"CODE_SIGN_IDENTITY[sdk=iphoneos*]" = "iPhone Developer";
				GCC_C_LANGUAGE_STANDARD = gnu99;
				GCC_OPTIMIZATION_LEVEL = 0;
				GCC_PREPROCESSOR_DEFINITIONS = DEBUG;
				GCC_SYMBOLS_PRIVATE_EXTERN = NO;
				GCC_VERSION = com.apple.compilers.llvmgcc42;
				GCC_WARN_ABOUT_RETURN_TYPE = YES;
				GCC_WARN_UNUSED_VARIABLE = YES;
				IPHONEOS_DEPLOYMENT_TARGET = 4.3;
				SDKROOT = iphoneos;
			};
			name = Debug;
		};
		232601F51456EE0300A42BC0 /* Release */ = {
			isa = XCBuildConfiguration;
			buildSettings = {
				ARCHS = "$(ARCHS_STANDARD_32_BIT)";
				"CODE_SIGN_IDENTITY[sdk=iphoneos*]" = "iPhone Developer";
				GCC_C_LANGUAGE_STANDARD = gnu99;
				GCC_VERSION = com.apple.compilers.llvmgcc42;
				GCC_WARN_ABOUT_RETURN_TYPE = YES;
				GCC_WARN_UNUSED_VARIABLE = YES;
				IPHONEOS_DEPLOYMENT_TARGET = 4.3;
				OTHER_CFLAGS = "-DNS_BLOCK_ASSERTIONS=1";
				SDKROOT = iphoneos;
			};
			name = Release;
		};
		232601F71456EE0300A42BC0 /* Debug */ = {
			isa = XCBuildConfiguration;
			buildSettings = {
				ALWAYS_SEARCH_USER_PATHS = NO;
				COPY_PHASE_STRIP = NO;
				GCC_DYNAMIC_NO_PIC = NO;
				GCC_PRECOMPILE_PREFIX_HEADER = YES;
				GCC_PREFIX_HEADER = "nakuron/nakuron-Prefix.pch";
				GCC_VERSION = com.apple.compilers.llvm.clang.1_0;
				INFOPLIST_FILE = "nakuron/nakuron-Info.plist";
				PRODUCT_NAME = "$(TARGET_NAME)";
				WRAPPER_EXTENSION = app;
			};
			name = Debug;
		};
		232601F81456EE0300A42BC0 /* Release */ = {
			isa = XCBuildConfiguration;
			buildSettings = {
				ALWAYS_SEARCH_USER_PATHS = NO;
				COPY_PHASE_STRIP = YES;
				GCC_PRECOMPILE_PREFIX_HEADER = YES;
				GCC_PREFIX_HEADER = "nakuron/nakuron-Prefix.pch";
				GCC_VERSION = com.apple.compilers.llvm.clang.1_0;
				INFOPLIST_FILE = "nakuron/nakuron-Info.plist";
				PRODUCT_NAME = "$(TARGET_NAME)";
				VALIDATE_PRODUCT = YES;
				WRAPPER_EXTENSION = app;
			};
			name = Release;
		};
		232601FA1456EE0300A42BC0 /* Debug */ = {
			isa = XCBuildConfiguration;
			buildSettings = {
				ALWAYS_SEARCH_USER_PATHS = NO;
				BUNDLE_LOADER = "$(BUILT_PRODUCTS_DIR)/nakuron.app/nakuron";
				FRAMEWORK_SEARCH_PATHS = (
					"$(SDKROOT)/Developer/Library/Frameworks",
					"$(DEVELOPER_LIBRARY_DIR)/Frameworks",
				);
				GCC_PRECOMPILE_PREFIX_HEADER = YES;
				GCC_PREFIX_HEADER = "nakuronTests/nakuronTests-Prefix.pch";
				GCC_VERSION = com.apple.compilers.llvm.clang.1_0;
				INFOPLIST_FILE = "nakuronTests/nakuronTests-Info.plist";
				OTHER_LDFLAGS = (
					"-framework",
					SenTestingKit,
				);
				PRODUCT_NAME = "$(TARGET_NAME)";
				TEST_HOST = "$(BUNDLE_LOADER)";
				WRAPPER_EXTENSION = octest;
			};
			name = Debug;
		};
		232601FB1456EE0300A42BC0 /* Release */ = {
			isa = XCBuildConfiguration;
			buildSettings = {
				ALWAYS_SEARCH_USER_PATHS = NO;
				BUNDLE_LOADER = "$(BUILT_PRODUCTS_DIR)/nakuron.app/nakuron";
				FRAMEWORK_SEARCH_PATHS = (
					"$(SDKROOT)/Developer/Library/Frameworks",
					"$(DEVELOPER_LIBRARY_DIR)/Frameworks",
				);
				GCC_PRECOMPILE_PREFIX_HEADER = YES;
				GCC_PREFIX_HEADER = "nakuronTests/nakuronTests-Prefix.pch";
				GCC_VERSION = com.apple.compilers.llvm.clang.1_0;
				INFOPLIST_FILE = "nakuronTests/nakuronTests-Info.plist";
				OTHER_LDFLAGS = (
					"-framework",
					SenTestingKit,
				);
				PRODUCT_NAME = "$(TARGET_NAME)";
				TEST_HOST = "$(BUNDLE_LOADER)";
				WRAPPER_EXTENSION = octest;
			};
			name = Release;
		};
/* End XCBuildConfiguration section */

/* Begin XCConfigurationList section */
		232601B91456EE0200A42BC0 /* Build configuration list for PBXProject "nakuron" */ = {
			isa = XCConfigurationList;
			buildConfigurations = (
				232601F41456EE0300A42BC0 /* Debug */,
				232601F51456EE0300A42BC0 /* Release */,
			);
			defaultConfigurationIsVisible = 0;
			defaultConfigurationName = Release;
		};
		232601F61456EE0300A42BC0 /* Build configuration list for PBXNativeTarget "nakuron" */ = {
			isa = XCConfigurationList;
			buildConfigurations = (
				232601F71456EE0300A42BC0 /* Debug */,
				232601F81456EE0300A42BC0 /* Release */,
			);
			defaultConfigurationIsVisible = 0;
			defaultConfigurationName = Release;
		};
		232601F91456EE0300A42BC0 /* Build configuration list for PBXNativeTarget "nakuronTests" */ = {
			isa = XCConfigurationList;
			buildConfigurations = (
				232601FA1456EE0300A42BC0 /* Debug */,
				232601FB1456EE0300A42BC0 /* Release */,
			);
			defaultConfigurationIsVisible = 0;
			defaultConfigurationName = Release;
		};
/* End XCConfigurationList section */
	};
	rootObject = 232601B61456EE0200A42BC0 /* Project object */;
}
